
Microsoft Visual Studio Solution File, Format Version 12.00
# Visual Studio Version 16
VisualStudioVersion = 16.0.30907.101
MinimumVisualStudioVersion = 10.0.40219.1
Project("{FAE04EC0-301F-11D3-BF4B-00C04F79EFBC}") = "MapsuiTouchTimings.UWP", "MapsuiTouchTimings\MapsuiTouchTimings.UWP\MapsuiTouchTimings.UWP.csproj", "{88D5B5D9-569D-4FEE-99AF-C5FA81F2AA87}"
	ProjectSection(ProjectDependencies) = postProject
		{56E6EC62-E3E4-4236-86EE-23AD88CB732E} = {56E6EC62-E3E4-4236-86EE-23AD88CB732E}
		{D5C180DB-796A-4987-821D-A24EA7BE7C86} = {D5C180DB-796A-4987-821D-A24EA7BE7C86}
	EndProjectSection
EndProject
Project("{FAE04EC0-301F-11D3-BF4B-00C04F79EFBC}") = "MapsuiTouchTimings.Android", "MapsuiTouchTimings\MapsuiTouchTimings.Android\MapsuiTouchTimings.Android.csproj", "{BF518A0C-3EBA-4A26-81F8-48A00AFABBD6}"
EndProject
Project("{FAE04EC0-301F-11D3-BF4B-00C04F79EFBC}") = "MapsuiTouchTimings.iOS", "MapsuiTouchTimings\MapsuiTouchTimings.iOS\MapsuiTouchTimings.iOS.csproj", "{CFEFD304-5711-424C-AA8C-F980FAC818C2}"
EndProject
Project("{9A19103F-16F7-4668-BE54-9A1E7A4F7556}") = "MapsuiTouchTimings", "MapsuiTouchTimings\MapsuiTouchTimings\MapsuiTouchTimings.csproj", "{5317931C-44B0-4731-98E2-4E1A6E90F419}"
	ProjectSection(ProjectDependencies) = postProject
		{56E6EC62-E3E4-4236-86EE-23AD88CB732E} = {56E6EC62-E3E4-4236-86EE-23AD88CB732E}
	EndProjectSection
EndProject
Project("{9A19103F-16F7-4668-BE54-9A1E7A4F7556}") = "Mapsui", "MapsuiTouchTimings\Mapsui\Mapsui.csproj", "{56E6EC62-E3E4-4236-86EE-23AD88CB732E}"
EndProject
Project("{9A19103F-16F7-4668-BE54-9A1E7A4F7556}") = "Mapsui.Geometries", "MapsuiTouchTimings\Mapsui.Geometries\Mapsui.Geometries.csproj", "{25A41FD5-C9DF-4F36-AEFF-247D723218FD}"
EndProject
Project("{9A19103F-16F7-4668-BE54-9A1E7A4F7556}") = "Mapsui.UI.Forms", "MapsuiTouchTimings\Mapsui.UI.Forms\Mapsui.UI.Forms.csproj", "{D5C180DB-796A-4987-821D-A24EA7BE7C86}"
EndProject
Project("{D954291E-2A0B-460D-934E-DC6B0785DB48}") = "Mapsui.UI.Shared", "MapsuiTouchTimings\Mapsui.UI.Shared\Mapsui.UI.Shared.shproj", "{239F2B0D-13CB-4BCF-83BF-F52D696A47B7}"
EndProject
Project("{9A19103F-16F7-4668-BE54-9A1E7A4F7556}") = "Mapsui.Rendering.Skia", "MapsuiTouchTimings\Mapsui.Rendering.Skia\Mapsui.Rendering.Skia.csproj", "{9909DA43-334E-4C58-AD7B-C65D26BB7881}"
EndProject
Project("{FAE04EC0-301F-11D3-BF4B-00C04F79EFBC}") = "MapsuiTouchTimings.MacOs", "MapsuiTouchTimings\MapsuiTouchTimings.MacOs\MapsuiTouchTimings.MacOs.csproj", "{6227BE9F-FCE9-4792-9569-CCD67754EC24}"
EndProject
Global
	GlobalSection(SharedMSBuildProjectFiles) = preSolution
		MapsuiTouchTimings\Mapsui.UI.Shared\Mapsui.UI.Shared.projitems*{239f2b0d-13cb-4bcf-83bf-f52d696a47b7}*SharedItemsImports = 13
		MapsuiTouchTimings\Mapsui.UI.Shared\Mapsui.UI.Shared.projitems*{d5c180db-796a-4987-821d-a24ea7be7c86}*SharedItemsImports = 5
	EndGlobalSection
	GlobalSection(SolutionConfigurationPlatforms) = preSolution
		Debug|Any CPU = Debug|Any CPU
		Debug|ARM = Debug|ARM
		Debug|iPhone = Debug|iPhone
		Debug|iPhoneSimulator = Debug|iPhoneSimulator
		Debug|x64 = Debug|x64
		Debug|x86 = Debug|x86
		Release|Any CPU = Release|Any CPU
		Release|ARM = Release|ARM
		Release|iPhone = Release|iPhone
		Release|iPhoneSimulator = Release|iPhoneSimulator
		Release|x64 = Release|x64
		Release|x86 = Release|x86
	EndGlobalSection
	GlobalSection(ProjectConfigurationPlatforms) = postSolution
		{88D5B5D9-569D-4FEE-99AF-C5FA81F2AA87}.Debug|Any CPU.ActiveCfg = Debug|x86
		{88D5B5D9-569D-4FEE-99AF-C5FA81F2AA87}.Debug|Any CPU.Build.0 = Debug|x86
		{88D5B5D9-569D-4FEE-99AF-C5FA81F2AA87}.Debug|Any CPU.Deploy.0 = Debug|x86
		{88D5B5D9-569D-4FEE-99AF-C5FA81F2AA87}.Debug|ARM.ActiveCfg = Debug|ARM
		{88D5B5D9-569D-4FEE-99AF-C5FA81F2AA87}.Debug|ARM.Build.0 = Debug|ARM
		{88D5B5D9-569D-4FEE-99AF-C5FA81F2AA87}.Debug|ARM.Deploy.0 = Debug|ARM
		{88D5B5D9-569D-4FEE-99AF-C5FA81F2AA87}.Debug|iPhone.ActiveCfg = Debug|x86
		{88D5B5D9-569D-4FEE-99AF-C5FA81F2AA87}.Debug|iPhone.Build.0 = Debug|x86
		{88D5B5D9-569D-4FEE-99AF-C5FA81F2AA87}.Debug|iPhone.Deploy.0 = Debug|x86
		{88D5B5D9-569D-4FEE-99AF-C5FA81F2AA87}.Debug|iPhoneSimulator.ActiveCfg = Debug|x86
		{88D5B5D9-569D-4FEE-99AF-C5FA81F2AA87}.Debug|iPhoneSimulator.Build.0 = Debug|x86
		{88D5B5D9-569D-4FEE-99AF-C5FA81F2AA87}.Debug|iPhoneSimulator.Deploy.0 = Debug|x86
		{88D5B5D9-569D-4FEE-99AF-C5FA81F2AA87}.Debug|x64.ActiveCfg = Debug|x64
		{88D5B5D9-569D-4FEE-99AF-C5FA81F2AA87}.Debug|x64.Build.0 = Debug|x64
		{88D5B5D9-569D-4FEE-99AF-C5FA81F2AA87}.Debug|x64.Deploy.0 = Debug|x64
		{88D5B5D9-569D-4FEE-99AF-C5FA81F2AA87}.Debug|x86.ActiveCfg = Debug|x86
		{88D5B5D9-569D-4FEE-99AF-C5FA81F2AA87}.Debug|x86.Build.0 = Debug|x86
		{88D5B5D9-569D-4FEE-99AF-C5FA81F2AA87}.Debug|x86.Deploy.0 = Debug|x86
		{88D5B5D9-569D-4FEE-99AF-C5FA81F2AA87}.Release|Any CPU.ActiveCfg = Release|x86
		{88D5B5D9-569D-4FEE-99AF-C5FA81F2AA87}.Release|Any CPU.Build.0 = Release|x86
		{88D5B5D9-569D-4FEE-99AF-C5FA81F2AA87}.Release|Any CPU.Deploy.0 = Release|x86
		{88D5B5D9-569D-4FEE-99AF-C5FA81F2AA87}.Release|ARM.ActiveCfg = Release|ARM
		{88D5B5D9-569D-4FEE-99AF-C5FA81F2AA87}.Release|ARM.Build.0 = Release|ARM
		{88D5B5D9-569D-4FEE-99AF-C5FA81F2AA87}.Release|ARM.Deploy.0 = Release|ARM
		{88D5B5D9-569D-4FEE-99AF-C5FA81F2AA87}.Release|iPhone.ActiveCfg = Release|x86
		{88D5B5D9-569D-4FEE-99AF-C5FA81F2AA87}.Release|iPhone.Build.0 = Release|x86
		{88D5B5D9-569D-4FEE-99AF-C5FA81F2AA87}.Release|iPhone.Deploy.0 = Release|x86
		{88D5B5D9-569D-4FEE-99AF-C5FA81F2AA87}.Release|iPhoneSimulator.ActiveCfg = Release|x86
		{88D5B5D9-569D-4FEE-99AF-C5FA81F2AA87}.Release|iPhoneSimulator.Build.0 = Release|x86
		{88D5B5D9-569D-4FEE-99AF-C5FA81F2AA87}.Release|iPhoneSimulator.Deploy.0 = Release|x86
		{88D5B5D9-569D-4FEE-99AF-C5FA81F2AA87}.Release|x64.ActiveCfg = Release|x64
		{88D5B5D9-569D-4FEE-99AF-C5FA81F2AA87}.Release|x64.Build.0 = Release|x64
		{88D5B5D9-569D-4FEE-99AF-C5FA81F2AA87}.Release|x64.Deploy.0 = Release|x64
		{88D5B5D9-569D-4FEE-99AF-C5FA81F2AA87}.Release|x86.ActiveCfg = Release|x86
		{88D5B5D9-569D-4FEE-99AF-C5FA81F2AA87}.Release|x86.Build.0 = Release|x86
		{88D5B5D9-569D-4FEE-99AF-C5FA81F2AA87}.Release|x86.Deploy.0 = Release|x86
		{BF518A0C-3EBA-4A26-81F8-48A00AFABBD6}.Debug|Any CPU.ActiveCfg = Debug|Any CPU
		{BF518A0C-3EBA-4A26-81F8-48A00AFABBD6}.Debug|Any CPU.Build.0 = Debug|Any CPU
		{BF518A0C-3EBA-4A26-81F8-48A00AFABBD6}.Debug|Any CPU.Deploy.0 = Debug|Any CPU
		{BF518A0C-3EBA-4A26-81F8-48A00AFABBD6}.Debug|ARM.ActiveCfg = Debug|Any CPU
		{BF518A0C-3EBA-4A26-81F8-48A00AFABBD6}.Debug|ARM.Build.0 = Debug|Any CPU
		{BF518A0C-3EBA-4A26-81F8-48A00AFABBD6}.Debug|ARM.Deploy.0 = Debug|Any CPU
		{BF518A0C-3EBA-4A26-81F8-48A00AFABBD6}.Debug|iPhone.ActiveCfg = Debug|Any CPU
		{BF518A0C-3EBA-4A26-81F8-48A00AFABBD6}.Debug|iPhone.Build.0 = Debug|Any CPU
		{BF518A0C-3EBA-4A26-81F8-48A00AFABBD6}.Debug|iPhone.Deploy.0 = Debug|Any CPU
		{BF518A0C-3EBA-4A26-81F8-48A00AFABBD6}.Debug|iPhoneSimulator.ActiveCfg = Debug|Any CPU
		{BF518A0C-3EBA-4A26-81F8-48A00AFABBD6}.Debug|iPhoneSimulator.Build.0 = Debug|Any CPU
		{BF518A0C-3EBA-4A26-81F8-48A00AFABBD6}.Debug|iPhoneSimulator.Deploy.0 = Debug|Any CPU
		{BF518A0C-3EBA-4A26-81F8-48A00AFABBD6}.Debug|x64.ActiveCfg = Debug|Any CPU
		{BF518A0C-3EBA-4A26-81F8-48A00AFABBD6}.Debug|x64.Build.0 = Debug|Any CPU
		{BF518A0C-3EBA-4A26-81F8-48A00AFABBD6}.Debug|x64.Deploy.0 = Debug|Any CPU
		{BF518A0C-3EBA-4A26-81F8-48A00AFABBD6}.Debug|x86.ActiveCfg = Debug|Any CPU
		{BF518A0C-3EBA-4A26-81F8-48A00AFABBD6}.Debug|x86.Build.0 = Debug|Any CPU
		{BF518A0C-3EBA-4A26-81F8-48A00AFABBD6}.Debug|x86.Deploy.0 = Debug|Any CPU
		{BF518A0C-3EBA-4A26-81F8-48A00AFABBD6}.Release|Any CPU.ActiveCfg = Release|Any CPU
		{BF518A0C-3EBA-4A26-81F8-48A00AFABBD6}.Release|Any CPU.Build.0 = Release|Any CPU
		{BF518A0C-3EBA-4A26-81F8-48A00AFABBD6}.Release|Any CPU.Deploy.0 = Release|Any CPU
		{BF518A0C-3EBA-4A26-81F8-48A00AFABBD6}.Release|ARM.ActiveCfg = Release|Any CPU
		{BF518A0C-3EBA-4A26-81F8-48A00AFABBD6}.Release|ARM.Build.0 = Release|Any CPU
		{BF518A0C-3EBA-4A26-81F8-48A00AFABBD6}.Release|ARM.Deploy.0 = Release|Any CPU
		{BF518A0C-3EBA-4A26-81F8-48A00AFABBD6}.Release|iPhone.ActiveCfg = Release|Any CPU
		{BF518A0C-3EBA-4A26-81F8-48A00AFABBD6}.Release|iPhone.Build.0 = Release|Any CPU
		{BF518A0C-3EBA-4A26-81F8-48A00AFABBD6}.Release|iPhone.Deploy.0 = Release|Any CPU
		{BF518A0C-3EBA-4A26-81F8-48A00AFABBD6}.Release|iPhoneSimulator.ActiveCfg = Release|Any CPU
		{BF518A0C-3EBA-4A26-81F8-48A00AFABBD6}.Release|iPhoneSimulator.Build.0 = Release|Any CPU
		{BF518A0C-3EBA-4A26-81F8-48A00AFABBD6}.Release|iPhoneSimulator.Deploy.0 = Release|Any CPU
		{BF518A0C-3EBA-4A26-81F8-48A00AFABBD6}.Release|x64.ActiveCfg = Release|Any CPU
		{BF518A0C-3EBA-4A26-81F8-48A00AFABBD6}.Release|x64.Build.0 = Release|Any CPU
		{BF518A0C-3EBA-4A26-81F8-48A00AFABBD6}.Release|x64.Deploy.0 = Release|Any CPU
		{BF518A0C-3EBA-4A26-81F8-48A00AFABBD6}.Release|x86.ActiveCfg = Release|Any CPU
		{BF518A0C-3EBA-4A26-81F8-48A00AFABBD6}.Release|x86.Build.0 = Release|Any CPU
		{BF518A0C-3EBA-4A26-81F8-48A00AFABBD6}.Release|x86.Deploy.0 = Release|Any CPU
		{CFEFD304-5711-424C-AA8C-F980FAC818C2}.Debug|Any CPU.ActiveCfg = Debug|iPhoneSimulator
		{CFEFD304-5711-424C-AA8C-F980FAC818C2}.Debug|Any CPU.Build.0 = Debug|iPhoneSimulator
		{CFEFD304-5711-424C-AA8C-F980FAC818C2}.Debug|Any CPU.Deploy.0 = Debug|iPhoneSimulator
		{CFEFD304-5711-424C-AA8C-F980FAC818C2}.Debug|ARM.ActiveCfg = Debug|iPhone
		{CFEFD304-5711-424C-AA8C-F980FAC818C2}.Debug|ARM.Build.0 = Debug|iPhone
		{CFEFD304-5711-424C-AA8C-F980FAC818C2}.Debug|ARM.Deploy.0 = Debug|iPhone
		{CFEFD304-5711-424C-AA8C-F980FAC818C2}.Debug|iPhone.ActiveCfg = Debug|iPhone
		{CFEFD304-5711-424C-AA8C-F980FAC818C2}.Debug|iPhone.Build.0 = Debug|iPhone
		{CFEFD304-5711-424C-AA8C-F980FAC818C2}.Debug|iPhone.Deploy.0 = Debug|iPhone
		{CFEFD304-5711-424C-AA8C-F980FAC818C2}.Debug|iPhoneSimulator.ActiveCfg = Debug|iPhoneSimulator
		{CFEFD304-5711-424C-AA8C-F980FAC818C2}.Debug|iPhoneSimulator.Build.0 = Debug|iPhoneSimulator
		{CFEFD304-5711-424C-AA8C-F980FAC818C2}.Debug|iPhoneSimulator.Deploy.0 = Debug|iPhoneSimulator
		{CFEFD304-5711-424C-AA8C-F980FAC818C2}.Debug|x64.ActiveCfg = Debug|iPhoneSimulator
		{CFEFD304-5711-424C-AA8C-F980FAC818C2}.Debug|x64.Build.0 = Debug|iPhoneSimulator
		{CFEFD304-5711-424C-AA8C-F980FAC818C2}.Debug|x64.Deploy.0 = Debug|iPhoneSimulator
		{CFEFD304-5711-424C-AA8C-F980FAC818C2}.Debug|x86.ActiveCfg = Debug|iPhoneSimulator
		{CFEFD304-5711-424C-AA8C-F980FAC818C2}.Debug|x86.Build.0 = Debug|iPhoneSimulator
		{CFEFD304-5711-424C-AA8C-F980FAC818C2}.Debug|x86.Deploy.0 = Debug|iPhoneSimulator
		{CFEFD304-5711-424C-AA8C-F980FAC818C2}.Release|Any CPU.ActiveCfg = Release|iPhoneSimulator
		{CFEFD304-5711-424C-AA8C-F980FAC818C2}.Release|Any CPU.Build.0 = Release|iPhoneSimulator
		{CFEFD304-5711-424C-AA8C-F980FAC818C2}.Release|Any CPU.Deploy.0 = Release|iPhoneSimulator
		{CFEFD304-5711-424C-AA8C-F980FAC818C2}.Release|ARM.ActiveCfg = Release|iPhoneSimulator
		{CFEFD304-5711-424C-AA8C-F980FAC818C2}.Release|ARM.Build.0 = Release|iPhoneSimulator
		{CFEFD304-5711-424C-AA8C-F980FAC818C2}.Release|ARM.Deploy.0 = Release|iPhoneSimulator
		{CFEFD304-5711-424C-AA8C-F980FAC818C2}.Release|iPhone.ActiveCfg = Release|iPhone
		{CFEFD304-5711-424C-AA8C-F980FAC818C2}.Release|iPhone.Build.0 = Release|iPhone
		{CFEFD304-5711-424C-AA8C-F980FAC818C2}.Release|iPhone.Deploy.0 = Release|iPhone
		{CFEFD304-5711-424C-AA8C-F980FAC818C2}.Release|iPhoneSimulator.ActiveCfg = Release|iPhoneSimulator
		{CFEFD304-5711-424C-AA8C-F980FAC818C2}.Release|iPhoneSimulator.Build.0 = Release|iPhoneSimulator
		{CFEFD304-5711-424C-AA8C-F980FAC818C2}.Release|iPhoneSimulator.Deploy.0 = Release|iPhoneSimulator
		{CFEFD304-5711-424C-AA8C-F980FAC818C2}.Release|x64.ActiveCfg = Release|iPhoneSimulator
		{CFEFD304-5711-424C-AA8C-F980FAC818C2}.Release|x64.Build.0 = Release|iPhoneSimulator
		{CFEFD304-5711-424C-AA8C-F980FAC818C2}.Release|x64.Deploy.0 = Release|iPhoneSimulator
		{CFEFD304-5711-424C-AA8C-F980FAC818C2}.Release|x86.ActiveCfg = Release|iPhoneSimulator
		{CFEFD304-5711-424C-AA8C-F980FAC818C2}.Release|x86.Build.0 = Release|iPhoneSimulator
		{CFEFD304-5711-424C-AA8C-F980FAC818C2}.Release|x86.Deploy.0 = Release|iPhoneSimulator
		{5317931C-44B0-4731-98E2-4E1A6E90F419}.Debug|Any CPU.ActiveCfg = Debug|Any CPU
		{5317931C-44B0-4731-98E2-4E1A6E90F419}.Debug|Any CPU.Build.0 = Debug|Any CPU
		{5317931C-44B0-4731-98E2-4E1A6E90F419}.Debug|Any CPU.Deploy.0 = Debug|Any CPU
		{5317931C-44B0-4731-98E2-4E1A6E90F419}.Debug|ARM.ActiveCfg = Debug|Any CPU
		{5317931C-44B0-4731-98E2-4E1A6E90F419}.Debug|ARM.Build.0 = Debug|Any CPU
		{5317931C-44B0-4731-98E2-4E1A6E90F419}.Debug|ARM.Deploy.0 = Debug|Any CPU
		{5317931C-44B0-4731-98E2-4E1A6E90F419}.Debug|iPhone.ActiveCfg = Debug|Any CPU
		{5317931C-44B0-4731-98E2-4E1A6E90F419}.Debug|iPhone.Build.0 = Debug|Any CPU
		{5317931C-44B0-4731-98E2-4E1A6E90F419}.Debug|iPhone.Deploy.0 = Debug|Any CPU
		{5317931C-44B0-4731-98E2-4E1A6E90F419}.Debug|iPhoneSimulator.ActiveCfg = Debug|Any CPU
		{5317931C-44B0-4731-98E2-4E1A6E90F419}.Debug|iPhoneSimulator.Build.0 = Debug|Any CPU
		{5317931C-44B0-4731-98E2-4E1A6E90F419}.Debug|iPhoneSimulator.Deploy.0 = Debug|Any CPU
		{5317931C-44B0-4731-98E2-4E1A6E90F419}.Debug|x64.ActiveCfg = Debug|Any CPU
		{5317931C-44B0-4731-98E2-4E1A6E90F419}.Debug|x64.Build.0 = Debug|Any CPU
		{5317931C-44B0-4731-98E2-4E1A6E90F419}.Debug|x64.Deploy.0 = Debug|Any CPU
		{5317931C-44B0-4731-98E2-4E1A6E90F419}.Debug|x86.ActiveCfg = Debug|Any CPU
		{5317931C-44B0-4731-98E2-4E1A6E90F419}.Debug|x86.Build.0 = Debug|Any CPU
		{5317931C-44B0-4731-98E2-4E1A6E90F419}.Debug|x86.Deploy.0 = Debug|Any CPU
		{5317931C-44B0-4731-98E2-4E1A6E90F419}.Release|Any CPU.ActiveCfg = Release|Any CPU
		{5317931C-44B0-4731-98E2-4E1A6E90F419}.Release|Any CPU.Build.0 = Release|Any CPU
		{5317931C-44B0-4731-98E2-4E1A6E90F419}.Release|Any CPU.Deploy.0 = Release|Any CPU
		{5317931C-44B0-4731-98E2-4E1A6E90F419}.Release|ARM.ActiveCfg = Release|Any CPU
		{5317931C-44B0-4731-98E2-4E1A6E90F419}.Release|ARM.Build.0 = Release|Any CPU
		{5317931C-44B0-4731-98E2-4E1A6E90F419}.Release|ARM.Deploy.0 = Release|Any CPU
		{5317931C-44B0-4731-98E2-4E1A6E90F419}.Release|iPhone.ActiveCfg = Release|Any CPU
		{5317931C-44B0-4731-98E2-4E1A6E90F419}.Release|iPhone.Build.0 = Release|Any CPU
		{5317931C-44B0-4731-98E2-4E1A6E90F419}.Release|iPhone.Deploy.0 = Release|Any CPU
		{5317931C-44B0-4731-98E2-4E1A6E90F419}.Release|iPhoneSimulator.ActiveCfg = Release|Any CPU
		{5317931C-44B0-4731-98E2-4E1A6E90F419}.Release|iPhoneSimulator.Build.0 = Release|Any CPU
		{5317931C-44B0-4731-98E2-4E1A6E90F419}.Release|iPhoneSimulator.Deploy.0 = Release|Any CPU
		{5317931C-44B0-4731-98E2-4E1A6E90F419}.Release|x64.ActiveCfg = Release|Any CPU
		{5317931C-44B0-4731-98E2-4E1A6E90F419}.Release|x64.Build.0 = Release|Any CPU
		{5317931C-44B0-4731-98E2-4E1A6E90F419}.Release|x64.Deploy.0 = Release|Any CPU
		{5317931C-44B0-4731-98E2-4E1A6E90F419}.Release|x86.ActiveCfg = Release|Any CPU
		{5317931C-44B0-4731-98E2-4E1A6E90F419}.Release|x86.Build.0 = Release|Any CPU
		{5317931C-44B0-4731-98E2-4E1A6E90F419}.Release|x86.Deploy.0 = Release|Any CPU
		{56E6EC62-E3E4-4236-86EE-23AD88CB732E}.Debug|Any CPU.ActiveCfg = Debug|Any CPU
		{56E6EC62-E3E4-4236-86EE-23AD88CB732E}.Debug|Any CPU.Build.0 = Debug|Any CPU
		{56E6EC62-E3E4-4236-86EE-23AD88CB732E}.Debug|ARM.ActiveCfg = Debug|Any CPU
		{56E6EC62-E3E4-4236-86EE-23AD88CB732E}.Debug|ARM.Build.0 = Debug|Any CPU
		{56E6EC62-E3E4-4236-86EE-23AD88CB732E}.Debug|iPhone.ActiveCfg = Debug|Any CPU
		{56E6EC62-E3E4-4236-86EE-23AD88CB732E}.Debug|iPhone.Build.0 = Debug|Any CPU
		{56E6EC62-E3E4-4236-86EE-23AD88CB732E}.Debug|iPhoneSimulator.ActiveCfg = Debug|Any CPU
		{56E6EC62-E3E4-4236-86EE-23AD88CB732E}.Debug|iPhoneSimulator.Build.0 = Debug|Any CPU
		{56E6EC62-E3E4-4236-86EE-23AD88CB732E}.Debug|x64.ActiveCfg = Debug|Any CPU
		{56E6EC62-E3E4-4236-86EE-23AD88CB732E}.Debug|x64.Build.0 = Debug|Any CPU
		{56E6EC62-E3E4-4236-86EE-23AD88CB732E}.Debug|x86.ActiveCfg = Debug|Any CPU
		{56E6EC62-E3E4-4236-86EE-23AD88CB732E}.Debug|x86.Build.0 = Debug|Any CPU
		{56E6EC62-E3E4-4236-86EE-23AD88CB732E}.Release|Any CPU.ActiveCfg = Release|Any CPU
		{56E6EC62-E3E4-4236-86EE-23AD88CB732E}.Release|Any CPU.Build.0 = Release|Any CPU
		{56E6EC62-E3E4-4236-86EE-23AD88CB732E}.Release|ARM.ActiveCfg = Release|Any CPU
		{56E6EC62-E3E4-4236-86EE-23AD88CB732E}.Release|ARM.Build.0 = Release|Any CPU
		{56E6EC62-E3E4-4236-86EE-23AD88CB732E}.Release|iPhone.ActiveCfg = Release|Any CPU
		{56E6EC62-E3E4-4236-86EE-23AD88CB732E}.Release|iPhone.Build.0 = Release|Any CPU
		{56E6EC62-E3E4-4236-86EE-23AD88CB732E}.Release|iPhoneSimulator.ActiveCfg = Release|Any CPU
		{56E6EC62-E3E4-4236-86EE-23AD88CB732E}.Release|iPhoneSimulator.Build.0 = Release|Any CPU
		{56E6EC62-E3E4-4236-86EE-23AD88CB732E}.Release|x64.ActiveCfg = Release|Any CPU
		{56E6EC62-E3E4-4236-86EE-23AD88CB732E}.Release|x64.Build.0 = Release|Any CPU
		{56E6EC62-E3E4-4236-86EE-23AD88CB732E}.Release|x86.ActiveCfg = Release|Any CPU
		{56E6EC62-E3E4-4236-86EE-23AD88CB732E}.Release|x86.Build.0 = Release|Any CPU
		{25A41FD5-C9DF-4F36-AEFF-247D723218FD}.Debug|Any CPU.ActiveCfg = Debug|Any CPU
		{25A41FD5-C9DF-4F36-AEFF-247D723218FD}.Debug|Any CPU.Build.0 = Debug|Any CPU
		{25A41FD5-C9DF-4F36-AEFF-247D723218FD}.Debug|ARM.ActiveCfg = Debug|Any CPU
		{25A41FD5-C9DF-4F36-AEFF-247D723218FD}.Debug|ARM.Build.0 = Debug|Any CPU
		{25A41FD5-C9DF-4F36-AEFF-247D723218FD}.Debug|iPhone.ActiveCfg = Debug|Any CPU
		{25A41FD5-C9DF-4F36-AEFF-247D723218FD}.Debug|iPhone.Build.0 = Debug|Any CPU
		{25A41FD5-C9DF-4F36-AEFF-247D723218FD}.Debug|iPhoneSimulator.ActiveCfg = Debug|Any CPU
		{25A41FD5-C9DF-4F36-AEFF-247D723218FD}.Debug|iPhoneSimulator.Build.0 = Debug|Any CPU
		{25A41FD5-C9DF-4F36-AEFF-247D723218FD}.Debug|x64.ActiveCfg = Debug|Any CPU
		{25A41FD5-C9DF-4F36-AEFF-247D723218FD}.Debug|x64.Build.0 = Debug|Any CPU
		{25A41FD5-C9DF-4F36-AEFF-247D723218FD}.Debug|x86.ActiveCfg = Debug|Any CPU
		{25A41FD5-C9DF-4F36-AEFF-247D723218FD}.Debug|x86.Build.0 = Debug|Any CPU
		{25A41FD5-C9DF-4F36-AEFF-247D723218FD}.Release|Any CPU.ActiveCfg = Release|Any CPU
		{25A41FD5-C9DF-4F36-AEFF-247D723218FD}.Release|Any CPU.Build.0 = Release|Any CPU
		{25A41FD5-C9DF-4F36-AEFF-247D723218FD}.Release|ARM.ActiveCfg = Release|Any CPU
		{25A41FD5-C9DF-4F36-AEFF-247D723218FD}.Release|ARM.Build.0 = Release|Any CPU
		{25A41FD5-C9DF-4F36-AEFF-247D723218FD}.Release|iPhone.ActiveCfg = Release|Any CPU
		{25A41FD5-C9DF-4F36-AEFF-247D723218FD}.Release|iPhone.Build.0 = Release|Any CPU
		{25A41FD5-C9DF-4F36-AEFF-247D723218FD}.Release|iPhoneSimulator.ActiveCfg = Release|Any CPU
		{25A41FD5-C9DF-4F36-AEFF-247D723218FD}.Release|iPhoneSimulator.Build.0 = Release|Any CPU
		{25A41FD5-C9DF-4F36-AEFF-247D723218FD}.Release|x64.ActiveCfg = Release|Any CPU
		{25A41FD5-C9DF-4F36-AEFF-247D723218FD}.Release|x64.Build.0 = Release|Any CPU
		{25A41FD5-C9DF-4F36-AEFF-247D723218FD}.Release|x86.ActiveCfg = Release|Any CPU
		{25A41FD5-C9DF-4F36-AEFF-247D723218FD}.Release|x86.Build.0 = Release|Any CPU
		{D5C180DB-796A-4987-821D-A24EA7BE7C86}.Debug|Any CPU.ActiveCfg = Debug|Any CPU
		{D5C180DB-796A-4987-821D-A24EA7BE7C86}.Debug|Any CPU.Build.0 = Debug|Any CPU
		{D5C180DB-796A-4987-821D-A24EA7BE7C86}.Debug|ARM.ActiveCfg = Debug|Any CPU
		{D5C180DB-796A-4987-821D-A24EA7BE7C86}.Debug|ARM.Build.0 = Debug|Any CPU
		{D5C180DB-796A-4987-821D-A24EA7BE7C86}.Debug|iPhone.ActiveCfg = Debug|Any CPU
		{D5C180DB-796A-4987-821D-A24EA7BE7C86}.Debug|iPhone.Build.0 = Debug|Any CPU
		{D5C180DB-796A-4987-821D-A24EA7BE7C86}.Debug|iPhoneSimulator.ActiveCfg = Debug|Any CPU
		{D5C180DB-796A-4987-821D-A24EA7BE7C86}.Debug|iPhoneSimulator.Build.0 = Debug|Any CPU
		{D5C180DB-796A-4987-821D-A24EA7BE7C86}.Debug|x64.ActiveCfg = Debug|Any CPU
		{D5C180DB-796A-4987-821D-A24EA7BE7C86}.Debug|x64.Build.0 = Debug|Any CPU
		{D5C180DB-796A-4987-821D-A24EA7BE7C86}.Debug|x86.ActiveCfg = Debug|Any CPU
		{D5C180DB-796A-4987-821D-A24EA7BE7C86}.Debug|x86.Build.0 = Debug|Any CPU
		{D5C180DB-796A-4987-821D-A24EA7BE7C86}.Release|Any CPU.ActiveCfg = Release|Any CPU
		{D5C180DB-796A-4987-821D-A24EA7BE7C86}.Release|Any CPU.Build.0 = Release|Any CPU
		{D5C180DB-796A-4987-821D-A24EA7BE7C86}.Release|ARM.ActiveCfg = Release|Any CPU
		{D5C180DB-796A-4987-821D-A24EA7BE7C86}.Release|ARM.Build.0 = Release|Any CPU
		{D5C180DB-796A-4987-821D-A24EA7BE7C86}.Release|iPhone.ActiveCfg = Release|Any CPU
		{D5C180DB-796A-4987-821D-A24EA7BE7C86}.Release|iPhone.Build.0 = Release|Any CPU
		{D5C180DB-796A-4987-821D-A24EA7BE7C86}.Release|iPhoneSimulator.ActiveCfg = Release|Any CPU
		{D5C180DB-796A-4987-821D-A24EA7BE7C86}.Release|iPhoneSimulator.Build.0 = Release|Any CPU
		{D5C180DB-796A-4987-821D-A24EA7BE7C86}.Release|x64.ActiveCfg = Release|Any CPU
		{D5C180DB-796A-4987-821D-A24EA7BE7C86}.Release|x64.Build.0 = Release|Any CPU
		{D5C180DB-796A-4987-821D-A24EA7BE7C86}.Release|x86.ActiveCfg = Release|Any CPU
		{D5C180DB-796A-4987-821D-A24EA7BE7C86}.Release|x86.Build.0 = Release|Any CPU
		{9909DA43-334E-4C58-AD7B-C65D26BB7881}.Debug|Any CPU.ActiveCfg = Debug|Any CPU
		{9909DA43-334E-4C58-AD7B-C65D26BB7881}.Debug|Any CPU.Build.0 = Debug|Any CPU
		{9909DA43-334E-4C58-AD7B-C65D26BB7881}.Debug|ARM.ActiveCfg = Debug|Any CPU
		{9909DA43-334E-4C58-AD7B-C65D26BB7881}.Debug|ARM.Build.0 = Debug|Any CPU
		{9909DA43-334E-4C58-AD7B-C65D26BB7881}.Debug|iPhone.ActiveCfg = Debug|Any CPU
		{9909DA43-334E-4C58-AD7B-C65D26BB7881}.Debug|iPhone.Build.0 = Debug|Any CPU
		{9909DA43-334E-4C58-AD7B-C65D26BB7881}.Debug|iPhoneSimulator.ActiveCfg = Debug|Any CPU
		{9909DA43-334E-4C58-AD7B-C65D26BB7881}.Debug|iPhoneSimulator.Build.0 = Debug|Any CPU
		{9909DA43-334E-4C58-AD7B-C65D26BB7881}.Debug|x64.ActiveCfg = Debug|Any CPU
		{9909DA43-334E-4C58-AD7B-C65D26BB7881}.Debug|x64.Build.0 = Debug|Any CPU
		{9909DA43-334E-4C58-AD7B-C65D26BB7881}.Debug|x86.ActiveCfg = Debug|Any CPU
		{9909DA43-334E-4C58-AD7B-C65D26BB7881}.Debug|x86.Build.0 = Debug|Any CPU
		{9909DA43-334E-4C58-AD7B-C65D26BB7881}.Release|Any CPU.ActiveCfg = Release|Any CPU
		{9909DA43-334E-4C58-AD7B-C65D26BB7881}.Release|Any CPU.Build.0 = Release|Any CPU
		{9909DA43-334E-4C58-AD7B-C65D26BB7881}.Release|ARM.ActiveCfg = Release|Any CPU
		{9909DA43-334E-4C58-AD7B-C65D26BB7881}.Release|ARM.Build.0 = Release|Any CPU
		{9909DA43-334E-4C58-AD7B-C65D26BB7881}.Release|iPhone.ActiveCfg = Release|Any CPU
		{9909DA43-334E-4C58-AD7B-C65D26BB7881}.Release|iPhone.Build.0 = Release|Any CPU
		{9909DA43-334E-4C58-AD7B-C65D26BB7881}.Release|iPhoneSimulator.ActiveCfg = Release|Any CPU
		{9909DA43-334E-4C58-AD7B-C65D26BB7881}.Release|iPhoneSimulator.Build.0 = Release|Any CPU
		{9909DA43-334E-4C58-AD7B-C65D26BB7881}.Release|x64.ActiveCfg = Release|Any CPU
		{9909DA43-334E-4C58-AD7B-C65D26BB7881}.Release|x64.Build.0 = Release|Any CPU
		{9909DA43-334E-4C58-AD7B-C65D26BB7881}.Release|x86.ActiveCfg = Release|Any CPU
		{9909DA43-334E-4C58-AD7B-C65D26BB7881}.Release|x86.Build.0 = Release|Any CPU
		{6227BE9F-FCE9-4792-9569-CCD67754EC24}.Debug|Any CPU.ActiveCfg = Debug|Any CPU
		{6227BE9F-FCE9-4792-9569-CCD67754EC24}.Debug|Any CPU.Build.0 = Debug|Any CPU
		{6227BE9F-FCE9-4792-9569-CCD67754EC24}.Debug|ARM.ActiveCfg = Debug|Any CPU
		{6227BE9F-FCE9-4792-9569-CCD67754EC24}.Debug|ARM.Build.0 = Debug|Any CPU
		{6227BE9F-FCE9-4792-9569-CCD67754EC24}.Debug|iPhone.ActiveCfg = Debug|Any CPU
		{6227BE9F-FCE9-4792-9569-CCD67754EC24}.Debug|iPhone.Build.0 = Debug|Any CPU
		{6227BE9F-FCE9-4792-9569-CCD67754EC24}.Debug|iPhoneSimulator.ActiveCfg = Debug|Any CPU
		{6227BE9F-FCE9-4792-9569-CCD67754EC24}.Debug|iPhoneSimulator.Build.0 = Debug|Any CPU
		{6227BE9F-FCE9-4792-9569-CCD67754EC24}.Debug|x64.ActiveCfg = Debug|Any CPU
		{6227BE9F-FCE9-4792-9569-CCD67754EC24}.Debug|x64.Build.0 = Debug|Any CPU
		{6227BE9F-FCE9-4792-9569-CCD67754EC24}.Debug|x86.ActiveCfg = Debug|Any CPU
		{6227BE9F-FCE9-4792-9569-CCD67754EC24}.Debug|x86.Build.0 = Debug|Any CPU
		{6227BE9F-FCE9-4792-9569-CCD67754EC24}.Release|Any CPU.ActiveCfg = Release|Any CPU
		{6227BE9F-FCE9-4792-9569-CCD67754EC24}.Release|Any CPU.Build.0 = Release|Any CPU
		{6227BE9F-FCE9-4792-9569-CCD67754EC24}.Release|ARM.ActiveCfg = Release|Any CPU
		{6227BE9F-FCE9-4792-9569-CCD67754EC24}.Release|ARM.Build.0 = Release|Any CPU
		{6227BE9F-FCE9-4792-9569-CCD67754EC24}.Release|iPhone.ActiveCfg = Release|Any CPU
		{6227BE9F-FCE9-4792-9569-CCD67754EC24}.Release|iPhone.Build.0 = Release|Any CPU
		{6227BE9F-FCE9-4792-9569-CCD67754EC24}.Release|iPhoneSimulator.ActiveCfg = Release|Any CPU
		{6227BE9F-FCE9-4792-9569-CCD67754EC24}.Release|iPhoneSimulator.Build.0 = Release|Any CPU
		{6227BE9F-FCE9-4792-9569-CCD67754EC24}.Release|x64.ActiveCfg = Release|Any CPU
		{6227BE9F-FCE9-4792-9569-CCD67754EC24}.Release|x64.Build.0 = Release|Any CPU
		{6227BE9F-FCE9-4792-9569-CCD67754EC24}.Release|x86.ActiveCfg = Release|Any CPU
		{6227BE9F-FCE9-4792-9569-CCD67754EC24}.Release|x86.Build.0 = Release|Any CPU
	EndGlobalSection
	GlobalSection(SolutionProperties) = preSolution
		HideSolutionNode = FALSE
	EndGlobalSection
	GlobalSection(ExtensibilityGlobals) = postSolution
		SolutionGuid = {2E02B9D2-532A-4314-BD3F-F095A05B6231}
	EndGlobalSection
EndGlobal
